
Microsoft Visual Studio Solution File, Format Version 12.00
# Visual Studio Version 17
VisualStudioVersion = 17.4.33110.190
MinimumVisualStudioVersion = 10.0.40219.1
Project("{FAE04EC0-301F-11D3-BF4B-00C04F79EFBC}") = "TypeCasting1", "TypeCasting1.csproj", "{D0421F22-7785-4D48-9BBC-32829156F2A5}"
EndProject
Global
	GlobalSection(SolutionConfigurationPlatforms) = preSolution
		Debug|Any CPU = Debug|Any CPU
		Release|Any CPU = Release|Any CPU
	EndGlobalSection
	GlobalSection(ProjectConfigurationPlatforms) = postSolution
		{D0421F22-7785-4D48-9BBC-32829156F2A5}.Debug|Any CPU.ActiveCfg = Debug|Any CPU
		{D0421F22-7785-4D48-9BBC-32829156F2A5}.Debug|Any CPU.Build.0 = Debug|Any CPU
		{D0421F22-7785-4D48-9BBC-32829156F2A5}.Release|Any CPU.ActiveCfg = Release|Any CPU
		{D0421F22-7785-4D48-9BBC-32829156F2A5}.Release|Any CPU.Build.0 = Release|Any CPU
	EndGlobalSection
	GlobalSection(SolutionProperties) = preSolution
		HideSolutionNode = FALSE
	EndGlobalSection
	GlobalSection(ExtensibilityGlobals) = postSolution
		SolutionGuid = {200A2971-A558-4370-82E1-E8F6F903FA05}
	EndGlobalSection
EndGlobal
